github.com/fingerprintjs/go-sdk/v8 v8.4.0 h1:QgaXhwQlfMjAW1GTibxj8c37ipyIEiUiOD4t27mrMgw=
github.com/fingerprintjs/go-sdk/v8 v8.4.0/go.mod h1:keVuTTvDofQYjzm6t+YXPZ9twIIk4UzpXOoXhJhjySc=
github.com/joho/godotenv v1.5.1 h1:7eLL/+HRGLY0ldzfGMeQkb7vMd0as4CfYvUVzLqw0N0=
github.com/joho/godotenv v1.5.1/go.mod h1:f4LDr5Voq0i2e/R5DDNOoa2zzDfwtkZa6DnEwAbqwq4=
